
Microsoft Visual Studio Solution File, Format Version 12.00
# Visual Studio 14
VisualStudioVersion = 14.0.25420.1
MinimumVisualStudioVersion = 10.0.40219.1
Project("{FAE04EC0-301F-11D3-BF4B-00C04F79EFBC}") = "WindowsDisplayAPI", "WindowsDisplayAPI\WindowsDisplayAPI.csproj", "{224C9D59-EAFA-445B-8A0C-E443ECBF4064}"
EndProject
Project("{FAE04EC0-301F-11D3-BF4B-00C04F79EFBC}") = "WindowsDisplaySample", "WindowsDisplaySample\WindowsDisplaySample.csproj", "{30C45100-4B4E-4DF3-9DEB-5C14526058A3}"
EndProject
Global
	GlobalSection(SolutionConfigurationPlatforms) = preSolution
		Debug|Any CPU = Debug|Any CPU
		Release|Any CPU = Release|Any CPU
	EndGlobalSection
	GlobalSection(ProjectConfigurationPlatforms) = postSolution
		{224C9D59-EAFA-445B-8A0C-E443ECBF4064}.Debug|Any CPU.ActiveCfg = Debug|Any CPU
		{224C9D59-EAFA-445B-8A0C-E443ECBF4064}.Debug|Any CPU.Build.0 = Debug|Any CPU
		{224C9D59-EAFA-445B-8A0C-E443ECBF4064}.Release|Any CPU.ActiveCfg = Release|Any CPU
		{224C9D59-EAFA-445B-8A0C-E443ECBF4064}.Release|Any CPU.Build.0 = Release|Any CPU
		{30C45100-4B4E-4DF3-9DEB-5C14526058A3}.Debug|Any CPU.ActiveCfg = Debug|Any CPU
		{30C45100-4B4E-4DF3-9DEB-5C14526058A3}.Debug|Any CPU.Build.0 = Debug|Any CPU
		{30C45100-4B4E-4DF3-9DEB-5C14526058A3}.Release|Any CPU.ActiveCfg = Release|Any CPU
		{30C45100-4B4E-4DF3-9DEB-5C14526058A3}.Release|Any CPU.Build.0 = Release|Any CPU
	EndGlobalSection
	GlobalSection(SolutionProperties) = preSolution
		HideSolutionNode = FALSE
	EndGlobalSection
EndGlobal
